
Microsoft Visual Studio Solution File, Format Version 12.00
# Visual Studio 14
VisualStudioVersion = 14.0.24720.0
MinimumVisualStudioVersion = 10.0.40219.1
Project("{FAE04EC0-301F-11D3-BF4B-00C04F79EFBC}") = "DataStructures", "DataStructures\DataStructures.csproj", "{B1DA6068-30A2-478F-8115-F3EDE4EF1388}"
EndProject
Project("{FAE04EC0-301F-11D3-BF4B-00C04F79EFBC}") = "Graphs", "Graphs\Graphs.csproj", "{76524399-7D62-4BD8-96B1-53CEF1D9962A}"
EndProject
Project("{FAE04EC0-301F-11D3-BF4B-00C04F79EFBC}") = "UnitTests", "UnitTests\UnitTests.csproj", "{9ECDDB2F-396E-4D94-AE9E-969CD99B9040}"
EndProject
Project("{FAE04EC0-301F-11D3-BF4B-00C04F79EFBC}") = "Mathematics", "Mathematics\Mathematics.csproj", "{DC7C8E96-6F24-48DF-A32F-2DC12B1D315B}"
EndProject
Project("{FAE04EC0-301F-11D3-BF4B-00C04F79EFBC}") = "WpfControls", "..\WpfControls\WpfControls.csproj", "{9624B258-DDA6-4C52-9A33-6DDB70CE8FF9}"
EndProject
Global
	GlobalSection(SolutionConfigurationPlatforms) = preSolution
		Debug|Any CPU = Debug|Any CPU
		Release|Any CPU = Release|Any CPU
	EndGlobalSection
	GlobalSection(ProjectConfigurationPlatforms) = postSolution
		{B1DA6068-30A2-478F-8115-F3EDE4EF1388}.Debug|Any CPU.ActiveCfg = Debug|Any CPU
		{B1DA6068-30A2-478F-8115-F3EDE4EF1388}.Debug|Any CPU.Build.0 = Debug|Any CPU
		{B1DA6068-30A2-478F-8115-F3EDE4EF1388}.Release|Any CPU.ActiveCfg = Release|Any CPU
		{B1DA6068-30A2-478F-8115-F3EDE4EF1388}.Release|Any CPU.Build.0 = Release|Any CPU
		{76524399-7D62-4BD8-96B1-53CEF1D9962A}.Debug|Any CPU.ActiveCfg = Debug|Any CPU
		{76524399-7D62-4BD8-96B1-53CEF1D9962A}.Debug|Any CPU.Build.0 = Debug|Any CPU
		{76524399-7D62-4BD8-96B1-53CEF1D9962A}.Release|Any CPU.ActiveCfg = Release|Any CPU
		{76524399-7D62-4BD8-96B1-53CEF1D9962A}.Release|Any CPU.Build.0 = Release|Any CPU
		{9ECDDB2F-396E-4D94-AE9E-969CD99B9040}.Debug|Any CPU.ActiveCfg = Debug|Any CPU
		{9ECDDB2F-396E-4D94-AE9E-969CD99B9040}.Debug|Any CPU.Build.0 = Debug|Any CPU
		{9ECDDB2F-396E-4D94-AE9E-969CD99B9040}.Release|Any CPU.ActiveCfg = Release|Any CPU
		{9ECDDB2F-396E-4D94-AE9E-969CD99B9040}.Release|Any CPU.Build.0 = Release|Any CPU
		{DC7C8E96-6F24-48DF-A32F-2DC12B1D315B}.Debug|Any CPU.ActiveCfg = Debug|Any CPU
		{DC7C8E96-6F24-48DF-A32F-2DC12B1D315B}.Debug|Any CPU.Build.0 = Debug|Any CPU
		{DC7C8E96-6F24-48DF-A32F-2DC12B1D315B}.Release|Any CPU.ActiveCfg = Release|Any CPU
		{DC7C8E96-6F24-48DF-A32F-2DC12B1D315B}.Release|Any CPU.Build.0 = Release|Any CPU
		{9624B258-DDA6-4C52-9A33-6DDB70CE8FF9}.Debug|Any CPU.ActiveCfg = Debug|Any CPU
		{9624B258-DDA6-4C52-9A33-6DDB70CE8FF9}.Debug|Any CPU.Build.0 = Debug|Any CPU
		{9624B258-DDA6-4C52-9A33-6DDB70CE8FF9}.Release|Any CPU.ActiveCfg = Release|Any CPU
		{9624B258-DDA6-4C52-9A33-6DDB70CE8FF9}.Release|Any CPU.Build.0 = Release|Any CPU
	EndGlobalSection
	GlobalSection(SolutionProperties) = preSolution
		HideSolutionNode = FALSE
	EndGlobalSection
EndGlobal
