
Microsoft Visual Studio Solution File, Format Version 12.00
# Visual Studio 15
VisualStudioVersion = 15.0.27004.2008
MinimumVisualStudioVersion = 10.0.40219.1
Project("{FAE04EC0-301F-11D3-BF4B-00C04F79EFBC}") = "Helpers", "Helpers.csproj", "{13CA4A04-0AD2-41CC-8599-3DC870032224}"
EndProject
Project("{FAE04EC0-301F-11D3-BF4B-00C04F79EFBC}") = "HelpersTests", "UnitTests\HelpersTests.csproj", "{9ECDDB2F-396E-4D94-AE9E-969CD99B9040}"
EndProject
Global
	GlobalSection(SolutionConfigurationPlatforms) = preSolution
		Debug|Any CPU = Debug|Any CPU
		Release|Any CPU = Release|Any CPU
	EndGlobalSection
	GlobalSection(ProjectConfigurationPlatforms) = postSolution
		{13CA4A04-0AD2-41CC-8599-3DC870032224}.Debug|Any CPU.ActiveCfg = Debug|Any CPU
		{13CA4A04-0AD2-41CC-8599-3DC870032224}.Debug|Any CPU.Build.0 = Debug|Any CPU
		{13CA4A04-0AD2-41CC-8599-3DC870032224}.Release|Any CPU.ActiveCfg = Release|Any CPU
		{13CA4A04-0AD2-41CC-8599-3DC870032224}.Release|Any CPU.Build.0 = Release|Any CPU
		{9ECDDB2F-396E-4D94-AE9E-969CD99B9040}.Debug|Any CPU.ActiveCfg = Debug|Any CPU
		{9ECDDB2F-396E-4D94-AE9E-969CD99B9040}.Debug|Any CPU.Build.0 = Debug|Any CPU
		{9ECDDB2F-396E-4D94-AE9E-969CD99B9040}.Release|Any CPU.ActiveCfg = Release|Any CPU
		{9ECDDB2F-396E-4D94-AE9E-969CD99B9040}.Release|Any CPU.Build.0 = Release|Any CPU
	EndGlobalSection
	GlobalSection(SolutionProperties) = preSolution
		HideSolutionNode = FALSE
	EndGlobalSection
	GlobalSection(ExtensibilityGlobals) = postSolution
		SolutionGuid = {6B5EF83F-E6DE-4CBE-8F7B-A370FEF4A8BD}
	EndGlobalSection
EndGlobal
